
Microsoft Visual Studio Solution File, Format Version 12.00
# Visual Studio Version 17
VisualStudioVersion = 17.0.31903.59
MinimumVisualStudioVersion = 10.0.40219.1
Project("{FAE04EC0-301F-11D3-BF4B-00C04F79EFBC}") = "PlayerManager3", "PlayerManager3\PlayerManager3.csproj", "{D1882A2D-AB4A-4C9C-A2AD-108122B9474B}"
EndProject
Project("{FAE04EC0-301F-11D3-BF4B-00C04F79EFBC}") = "PlayerManager4", "PlayerManager4\PlayerManager4.csproj", "{8BCCFB9A-A28B-4673-9ED8-9B6696881A81}"
EndProject
Project("{FAE04EC0-301F-11D3-BF4B-00C04F79EFBC}") = "StringCollections", "StringCollections\StringCollections.csproj", "{78FB9239-D3EA-45AB-899C-683337F0A04A}"
EndProject
Project("{FAE04EC0-301F-11D3-BF4B-00C04F79EFBC}") = "SamePlayer", "SamePlayer\SamePlayer.csproj", "{8D07499B-E2AA-4CA0-9CBD-E93D417A1191}"
EndProject
Global
	GlobalSection(SolutionConfigurationPlatforms) = preSolution
		Debug|Any CPU = Debug|Any CPU
		Release|Any CPU = Release|Any CPU
	EndGlobalSection
	GlobalSection(SolutionProperties) = preSolution
		HideSolutionNode = FALSE
	EndGlobalSection
	GlobalSection(ProjectConfigurationPlatforms) = postSolution
		{D1882A2D-AB4A-4C9C-A2AD-108122B9474B}.Debug|Any CPU.ActiveCfg = Debug|Any CPU
		{D1882A2D-AB4A-4C9C-A2AD-108122B9474B}.Debug|Any CPU.Build.0 = Debug|Any CPU
		{D1882A2D-AB4A-4C9C-A2AD-108122B9474B}.Release|Any CPU.ActiveCfg = Release|Any CPU
		{D1882A2D-AB4A-4C9C-A2AD-108122B9474B}.Release|Any CPU.Build.0 = Release|Any CPU
		{8BCCFB9A-A28B-4673-9ED8-9B6696881A81}.Debug|Any CPU.ActiveCfg = Debug|Any CPU
		{8BCCFB9A-A28B-4673-9ED8-9B6696881A81}.Debug|Any CPU.Build.0 = Debug|Any CPU
		{8BCCFB9A-A28B-4673-9ED8-9B6696881A81}.Release|Any CPU.ActiveCfg = Release|Any CPU
		{8BCCFB9A-A28B-4673-9ED8-9B6696881A81}.Release|Any CPU.Build.0 = Release|Any CPU
		{78FB9239-D3EA-45AB-899C-683337F0A04A}.Debug|Any CPU.ActiveCfg = Debug|Any CPU
		{78FB9239-D3EA-45AB-899C-683337F0A04A}.Debug|Any CPU.Build.0 = Debug|Any CPU
		{78FB9239-D3EA-45AB-899C-683337F0A04A}.Release|Any CPU.ActiveCfg = Release|Any CPU
		{78FB9239-D3EA-45AB-899C-683337F0A04A}.Release|Any CPU.Build.0 = Release|Any CPU
		{8D07499B-E2AA-4CA0-9CBD-E93D417A1191}.Debug|Any CPU.ActiveCfg = Debug|Any CPU
		{8D07499B-E2AA-4CA0-9CBD-E93D417A1191}.Debug|Any CPU.Build.0 = Debug|Any CPU
		{8D07499B-E2AA-4CA0-9CBD-E93D417A1191}.Release|Any CPU.ActiveCfg = Release|Any CPU
		{8D07499B-E2AA-4CA0-9CBD-E93D417A1191}.Release|Any CPU.Build.0 = Release|Any CPU
	EndGlobalSection
EndGlobal
